// !$*UTF8*$!
{
	archiveVersion = 1;
	classes = {
	};
	objectVersion = 56;
	objects = {

/* Begin PBXBuildFile section */
		7901C0A92AFE962F00442756 /* SettingsView.swift in Sources */ = {isa = PBXBuildFile; fileRef = 7901C0A82AFE962F00442756 /* SettingsView.swift */; };
		7965BEAE2AFAFB9500062BEB /* BibleKit in Frameworks */ = {isa = PBXBuildFile; productRef = 7965BEAD2AFAFB9500062BEB /* BibleKit */; };
		7965BEB02AFAFFF300062BEB /* ReferencePicker.swift in Sources */ = {isa = PBXBuildFile; fileRef = 7965BEAF2AFAFFF300062BEB /* ReferencePicker.swift */; };
		7965BEB22AFB006D00062BEB /* BibleData.swift in Sources */ = {isa = PBXBuildFile; fileRef = 7965BEB12AFB006D00062BEB /* BibleData.swift */; };
		79788F8A2AFBD30A00F9F760 /* ReferencePill.swift in Sources */ = {isa = PBXBuildFile; fileRef = 79788F892AFBD30A00F9F760 /* ReferencePill.swift */; };
		798278882AF9876000955B61 /* Style.swift in Sources */ = {isa = PBXBuildFile; fileRef = 798278872AF9876000955B61 /* Style.swift */; };
		7982788A2AF987A600955B61 /* Response.swift in Sources */ = {isa = PBXBuildFile; fileRef = 798278892AF987A600955B61 /* Response.swift */; };
		79AEAAAC2AF9AC7F003AC969 /* JournalView.swift in Sources */ = {isa = PBXBuildFile; fileRef = 79AEAAAB2AF9AC7F003AC969 /* JournalView.swift */; };
		79AEAAAF2AF9ACF6003AC969 /* Design.swift in Sources */ = {isa = PBXBuildFile; fileRef = 79AEAAAE2AF9ACF6003AC969 /* Design.swift */; };
		79AEAAB12AF9ADC7003AC969 /* JournalItemView.swift in Sources */ = {isa = PBXBuildFile; fileRef = 79AEAAB02AF9ADC7003AC969 /* JournalItemView.swift */; };
		79AEAAB32AF9AE88003AC969 /* EntryView.swift in Sources */ = {isa = PBXBuildFile; fileRef = 79AEAAB22AF9AE88003AC969 /* EntryView.swift */; };
		79AEAAB72AF9AFEF003AC969 /* PreviewData.swift in Sources */ = {isa = PBXBuildFile; fileRef = 79AEAAB62AF9AFEF003AC969 /* PreviewData.swift */; };
		79AEAAB92AF9B031003AC969 /* PreviewJournal.swift in Sources */ = {isa = PBXBuildFile; fileRef = 79AEAAB82AF9B031003AC969 /* PreviewJournal.swift */; };
		79AEAABB2AF9B803003AC969 /* ResponseView.swift in Sources */ = {isa = PBXBuildFile; fileRef = 79AEAABA2AF9B803003AC969 /* ResponseView.swift */; };
		79C723D12AF8422B008F3783 /* Rhema_JournalApp.swift in Sources */ = {isa = PBXBuildFile; fileRef = 79C723D02AF8422B008F3783 /* Rhema_JournalApp.swift */; };
		79C723D32AF8422B008F3783 /* ContentView.swift in Sources */ = {isa = PBXBuildFile; fileRef = 79C723D22AF8422B008F3783 /* ContentView.swift */; };
		79C723D52AF8422B008F3783 /* Entry.swift in Sources */ = {isa = PBXBuildFile; fileRef = 79C723D42AF8422B008F3783 /* Entry.swift */; };
		79C723D72AF8422C008F3783 /* Assets.xcassets in Resources */ = {isa = PBXBuildFile; fileRef = 79C723D62AF8422C008F3783 /* Assets.xcassets */; };
		79C723DA2AF8422C008F3783 /* Preview Assets.xcassets in Resources */ = {isa = PBXBuildFile; fileRef = 79C723D92AF8422C008F3783 /* Preview Assets.xcassets */; };
		79C723E42AF8422C008F3783 /* Rhema_JournalTests.swift in Sources */ = {isa = PBXBuildFile; fileRef = 79C723E32AF8422C008F3783 /* Rhema_JournalTests.swift */; };
		79C723EE2AF8422C008F3783 /* Rhema_JournalUITests.swift in Sources */ = {isa = PBXBuildFile; fileRef = 79C723ED2AF8422C008F3783 /* Rhema_JournalUITests.swift */; };
		79C723F02AF8422C008F3783 /* Rhema_JournalUITestsLaunchTests.swift in Sources */ = {isa = PBXBuildFile; fileRef = 79C723EF2AF8422C008F3783 /* Rhema_JournalUITestsLaunchTests.swift */; };
/* End PBXBuildFile section */

/* Begin PBXContainerItemProxy section */
		79C723E02AF8422C008F3783 /* PBXContainerItemProxy */ = {
			isa = PBXContainerItemProxy;
			containerPortal = 79C723C52AF8422B008F3783 /* Project object */;
			proxyType = 1;
			remoteGlobalIDString = 79C723CC2AF8422B008F3783;
			remoteInfo = "Rhema Journal";
		};
		79C723EA2AF8422C008F3783 /* PBXContainerItemProxy */ = {
			isa = PBXContainerItemProxy;
			containerPortal = 79C723C52AF8422B008F3783 /* Project object */;
			proxyType = 1;
			remoteGlobalIDString = 79C723CC2AF8422B008F3783;
			remoteInfo = "Rhema Journal";
		};
/* End PBXContainerItemProxy section */

/* Begin PBXFileReference section */
		7901C0A82AFE962F00442756 /* SettingsView.swift */ = {isa = PBXFileReference; lastKnownFileType = sourcecode.swift; path = SettingsView.swift; sourceTree = "<group>"; };
		7965BEAF2AFAFFF300062BEB /* ReferencePicker.swift */ = {isa = PBXFileReference; lastKnownFileType = sourcecode.swift; path = ReferencePicker.swift; sourceTree = "<group>"; };
		7965BEB12AFB006D00062BEB /* BibleData.swift */ = {isa = PBXFileReference; lastKnownFileType = sourcecode.swift; path = BibleData.swift; sourceTree = "<group>"; };
		79788F892AFBD30A00F9F760 /* ReferencePill.swift */ = {isa = PBXFileReference; lastKnownFileType = sourcecode.swift; path = ReferencePill.swift; sourceTree = "<group>"; };
		798278872AF9876000955B61 /* Style.swift */ = {isa = PBXFileReference; lastKnownFileType = sourcecode.swift; path = Style.swift; sourceTree = "<group>"; };
		798278892AF987A600955B61 /* Response.swift */ = {isa = PBXFileReference; lastKnownFileType = sourcecode.swift; path = Response.swift; sourceTree = "<group>"; };
		79AEAAAB2AF9AC7F003AC969 /* JournalView.swift */ = {isa = PBXFileReference; lastKnownFileType = sourcecode.swift; path = JournalView.swift; sourceTree = "<group>"; };
		79AEAAAE2AF9ACF6003AC969 /* Design.swift */ = {isa = PBXFileReference; lastKnownFileType = sourcecode.swift; path = Design.swift; sourceTree = "<group>"; };
		79AEAAB02AF9ADC7003AC969 /* JournalItemView.swift */ = {isa = PBXFileReference; lastKnownFileType = sourcecode.swift; path = JournalItemView.swift; sourceTree = "<group>"; };
		79AEAAB22AF9AE88003AC969 /* EntryView.swift */ = {isa = PBXFileReference; lastKnownFileType = sourcecode.swift; path = EntryView.swift; sourceTree = "<group>"; };
		79AEAAB62AF9AFEF003AC969 /* PreviewData.swift */ = {isa = PBXFileReference; lastKnownFileType = sourcecode.swift; path = PreviewData.swift; sourceTree = "<group>"; };
		79AEAAB82AF9B031003AC969 /* PreviewJournal.swift */ = {isa = PBXFileReference; lastKnownFileType = sourcecode.swift; path = PreviewJournal.swift; sourceTree = "<group>"; };
		79AEAABA2AF9B803003AC969 /* ResponseView.swift */ = {isa = PBXFileReference; lastKnownFileType = sourcecode.swift; path = ResponseView.swift; sourceTree = "<group>"; };
		79C723CD2AF8422B008F3783 /* Rhema Journal.app */ = {isa = PBXFileReference; explicitFileType = wrapper.application; includeInIndex = 0; path = "Rhema Journal.app"; sourceTree = BUILT_PRODUCTS_DIR; };
		79C723D02AF8422B008F3783 /* Rhema_JournalApp.swift */ = {isa = PBXFileReference; lastKnownFileType = sourcecode.swift; path = Rhema_JournalApp.swift; sourceTree = "<group>"; };
		79C723D22AF8422B008F3783 /* ContentView.swift */ = {isa = PBXFileReference; lastKnownFileType = sourcecode.swift; path = ContentView.swift; sourceTree = "<group>"; };
		79C723D42AF8422B008F3783 /* Entry.swift */ = {isa = PBXFileReference; lastKnownFileType = sourcecode.swift; path = Entry.swift; sourceTree = "<group>"; };
		79C723D62AF8422C008F3783 /* Assets.xcassets */ = {isa = PBXFileReference; lastKnownFileType = folder.assetcatalog; path = Assets.xcassets; sourceTree = "<group>"; };
		79C723D92AF8422C008F3783 /* Preview Assets.xcassets */ = {isa = PBXFileReference; lastKnownFileType = folder.assetcatalog; path = "Preview Assets.xcassets"; sourceTree = "<group>"; };
		79C723DF2AF8422C008F3783 /* Rhema JournalTests.xctest */ = {isa = PBXFileReference; explicitFileType = wrapper.cfbundle; includeInIndex = 0; path = "Rhema JournalTests.xctest"; sourceTree = BUILT_PRODUCTS_DIR; };
		79C723E32AF8422C008F3783 /* Rhema_JournalTests.swift */ = {isa = PBXFileReference; lastKnownFileType = sourcecode.swift; path = Rhema_JournalTests.swift; sourceTree = "<group>"; };
		79C723E92AF8422C008F3783 /* Rhema JournalUITests.xctest */ = {isa = PBXFileReference; explicitFileType = wrapper.cfbundle; includeInIndex = 0; path = "Rhema JournalUITests.xctest"; sourceTree = BUILT_PRODUCTS_DIR; };
		79C723ED2AF8422C008F3783 /* Rhema_JournalUITests.swift */ = {isa = PBXFileReference; lastKnownFileType = sourcecode.swift; path = Rhema_JournalUITests.swift; sourceTree = "<group>"; };
		79C723EF2AF8422C008F3783 /* Rhema_JournalUITestsLaunchTests.swift */ = {isa = PBXFileReference; lastKnownFileType = sourcecode.swift; path = Rhema_JournalUITestsLaunchTests.swift; sourceTree = "<group>"; };
/* End PBXFileReference section */

/* Begin PBXFrameworksBuildPhase section */
		79C723CA2AF8422B008F3783 /* Frameworks */ = {
			isa = PBXFrameworksBuildPhase;
			buildActionMask = 2147483647;
			files = (
				7965BEAE2AFAFB9500062BEB /* BibleKit in Frameworks */,
			);
			runOnlyForDeploymentPostprocessing = 0;
		};
		79C723DC2AF8422C008F3783 /* Frameworks */ = {
			isa = PBXFrameworksBuildPhase;
			buildActionMask = 2147483647;
			files = (
			);
			runOnlyForDeploymentPostprocessing = 0;
		};
		79C723E62AF8422C008F3783 /* Frameworks */ = {
			isa = PBXFrameworksBuildPhase;
			buildActionMask = 2147483647;
			files = (
			);
			runOnlyForDeploymentPostprocessing = 0;
		};
/* End PBXFrameworksBuildPhase section */

/* Begin PBXGroup section */
		798278852AF9869D00955B61 /* Models */ = {
			isa = PBXGroup;
			children = (
				79C723D42AF8422B008F3783 /* Entry.swift */,
				798278872AF9876000955B61 /* Style.swift */,
				798278892AF987A600955B61 /* Response.swift */,
				79AEAAB62AF9AFEF003AC969 /* PreviewData.swift */,
				7965BEB12AFB006D00062BEB /* BibleData.swift */,
			);
			path = Models;
			sourceTree = "<group>";
		};
		798278862AF986CC00955B61 /* Views */ = {
			isa = PBXGroup;
			children = (
				79C723D22AF8422B008F3783 /* ContentView.swift */,
				79AEAAAB2AF9AC7F003AC969 /* JournalView.swift */,
				79AEAAB02AF9ADC7003AC969 /* JournalItemView.swift */,
				79AEAAB22AF9AE88003AC969 /* EntryView.swift */,
				79AEAABA2AF9B803003AC969 /* ResponseView.swift */,
				7965BEAF2AFAFFF300062BEB /* ReferencePicker.swift */,
				79788F892AFBD30A00F9F760 /* ReferencePill.swift */,
				7901C0A82AFE962F00442756 /* SettingsView.swift */,
			);
			path = Views;
			sourceTree = "<group>";
		};
		79AEAAAD2AF9ACCD003AC969 /* Support */ = {
			isa = PBXGroup;
			children = (
				79AEAAAE2AF9ACF6003AC969 /* Design.swift */,
				79AEAAB82AF9B031003AC969 /* PreviewJournal.swift */,
			);
			path = Support;
			sourceTree = "<group>";
		};
		79C723C42AF8422B008F3783 = {
			isa = PBXGroup;
			children = (
				79C723CF2AF8422B008F3783 /* Rhema Journal */,
				79C723E22AF8422C008F3783 /* Rhema JournalTests */,
				79C723EC2AF8422C008F3783 /* Rhema JournalUITests */,
				79C723CE2AF8422B008F3783 /* Products */,
			);
			sourceTree = "<group>";
		};
		79C723CE2AF8422B008F3783 /* Products */ = {
			isa = PBXGroup;
			children = (
				79C723CD2AF8422B008F3783 /* Rhema Journal.app */,
				79C723DF2AF8422C008F3783 /* Rhema JournalTests.xctest */,
				79C723E92AF8422C008F3783 /* Rhema JournalUITests.xctest */,
			);
			name = Products;
			sourceTree = "<group>";
		};
		79C723CF2AF8422B008F3783 /* Rhema Journal */ = {
			isa = PBXGroup;
			children = (
				79AEAAAD2AF9ACCD003AC969 /* Support */,
				79C723D02AF8422B008F3783 /* Rhema_JournalApp.swift */,
				798278862AF986CC00955B61 /* Views */,
				798278852AF9869D00955B61 /* Models */,
				79C723D62AF8422C008F3783 /* Assets.xcassets */,
				79C723D82AF8422C008F3783 /* Preview Content */,
			);
			path = "Rhema Journal";
			sourceTree = "<group>";
		};
		79C723D82AF8422C008F3783 /* Preview Content */ = {
			isa = PBXGroup;
			children = (
				79C723D92AF8422C008F3783 /* Preview Assets.xcassets */,
			);
			path = "Preview Content";
			sourceTree = "<group>";
		};
		79C723E22AF8422C008F3783 /* Rhema JournalTests */ = {
			isa = PBXGroup;
			children = (
				79C723E32AF8422C008F3783 /* Rhema_JournalTests.swift */,
			);
			path = "Rhema JournalTests";
			sourceTree = "<group>";
		};
		79C723EC2AF8422C008F3783 /* Rhema JournalUITests */ = {
			isa = PBXGroup;
			children = (
				79C723ED2AF8422C008F3783 /* Rhema_JournalUITests.swift */,
				79C723EF2AF8422C008F3783 /* Rhema_JournalUITestsLaunchTests.swift */,
			);
			path = "Rhema JournalUITests";
			sourceTree = "<group>";
		};
/* End PBXGroup section */

/* Begin PBXNativeTarget section */
		79C723CC2AF8422B008F3783 /* Rhema Journal */ = {
			isa = PBXNativeTarget;
			buildConfigurationList = 79C723F32AF8422C008F3783 /* Build configuration list for PBXNativeTarget "Rhema Journal" */;
			buildPhases = (
				79C723C92AF8422B008F3783 /* Sources */,
				79C723CA2AF8422B008F3783 /* Frameworks */,
				79C723CB2AF8422B008F3783 /* Resources */,
			);
			buildRules = (
			);
			dependencies = (
			);
			name = "Rhema Journal";
			packageProductDependencies = (
				7965BEAD2AFAFB9500062BEB /* BibleKit */,
			);
			productName = "Rhema Journal";
			productReference = 79C723CD2AF8422B008F3783 /* Rhema Journal.app */;
			productType = "com.apple.product-type.application";
		};
		79C723DE2AF8422C008F3783 /* Rhema JournalTests */ = {
			isa = PBXNativeTarget;
			buildConfigurationList = 79C723F62AF8422C008F3783 /* Build configuration list for PBXNativeTarget "Rhema JournalTests" */;
			buildPhases = (
				79C723DB2AF8422C008F3783 /* Sources */,
				79C723DC2AF8422C008F3783 /* Frameworks */,
				79C723DD2AF8422C008F3783 /* Resources */,
			);
			buildRules = (
			);
			dependencies = (
				79C723E12AF8422C008F3783 /* PBXTargetDependency */,
			);
			name = "Rhema JournalTests";
			productName = "Rhema JournalTests";
			productReference = 79C723DF2AF8422C008F3783 /* Rhema JournalTests.xctest */;
			productType = "com.apple.product-type.bundle.unit-test";
		};
		79C723E82AF8422C008F3783 /* Rhema JournalUITests */ = {
			isa = PBXNativeTarget;
			buildConfigurationList = 79C723F92AF8422C008F3783 /* Build configuration list for PBXNativeTarget "Rhema JournalUITests" */;
			buildPhases = (
				79C723E52AF8422C008F3783 /* Sources */,
				79C723E62AF8422C008F3783 /* Frameworks */,
				79C723E72AF8422C008F3783 /* Resources */,
			);
			buildRules = (
			);
			dependencies = (
				79C723EB2AF8422C008F3783 /* PBXTargetDependency */,
			);
			name = "Rhema JournalUITests";
			productName = "Rhema JournalUITests";
			productReference = 79C723E92AF8422C008F3783 /* Rhema JournalUITests.xctest */;
			productType = "com.apple.product-type.bundle.ui-testing";
		};
/* End PBXNativeTarget section */

/* Begin PBXProject section */
		79C723C52AF8422B008F3783 /* Project object */ = {
			isa = PBXProject;
			attributes = {
				BuildIndependentTargetsInParallel = 1;
				LastSwiftUpdateCheck = 1500;
				LastUpgradeCheck = 1500;
				TargetAttributes = {
					79C723CC2AF8422B008F3783 = {
						CreatedOnToolsVersion = 15.0.1;
					};
					79C723DE2AF8422C008F3783 = {
						CreatedOnToolsVersion = 15.0.1;
						TestTargetID = 79C723CC2AF8422B008F3783;
					};
					79C723E82AF8422C008F3783 = {
						CreatedOnToolsVersion = 15.0.1;
						TestTargetID = 79C723CC2AF8422B008F3783;
					};
				};
			};
			buildConfigurationList = 79C723C82AF8422B008F3783 /* Build configuration list for PBXProject "Rhema Journal" */;
			compatibilityVersion = "Xcode 14.0";
			developmentRegion = en;
			hasScannedForEncodings = 0;
			knownRegions = (
				en,
				Base,
			);
			mainGroup = 79C723C42AF8422B008F3783;
			packageReferences = (
				7965BEAC2AFAFB9500062BEB /* XCRemoteSwiftPackageReference "BibleKit" */,
			);
			productRefGroup = 79C723CE2AF8422B008F3783 /* Products */;
			projectDirPath = "";
			projectRoot = "";
			targets = (
				79C723CC2AF8422B008F3783 /* Rhema Journal */,
				79C723DE2AF8422C008F3783 /* Rhema JournalTests */,
				79C723E82AF8422C008F3783 /* Rhema JournalUITests */,
			);
		};
/* End PBXProject section */

/* Begin PBXResourcesBuildPhase section */
		79C723CB2AF8422B008F3783 /* Resources */ = {
			isa = PBXResourcesBuildPhase;
			buildActionMask = 2147483647;
			files = (
				79C723DA2AF8422C008F3783 /* Preview Assets.xcassets in Resources */,
				79C723D72AF8422C008F3783 /* Assets.xcassets in Resources */,
			);
			runOnlyForDeploymentPostprocessing = 0;
		};
		79C723DD2AF8422C008F3783 /* Resources */ = {
			isa = PBXResourcesBuildPhase;
			buildActionMask = 2147483647;
			files = (
			);
			runOnlyForDeploymentPostprocessing = 0;
		};
		79C723E72AF8422C008F3783 /* Resources */ = {
			isa = PBXResourcesBuildPhase;
			buildActionMask = 2147483647;
			files = (
			);
			runOnlyForDeploymentPostprocessing = 0;
		};
/* End PBXResourcesBuildPhase section */

/* Begin PBXSourcesBuildPhase section */
		79C723C92AF8422B008F3783 /* Sources */ = {
			isa = PBXSourcesBuildPhase;
			buildActionMask = 2147483647;
			files = (
				79788F8A2AFBD30A00F9F760 /* ReferencePill.swift in Sources */,
				79C723D32AF8422B008F3783 /* ContentView.swift in Sources */,
				79AEAAAF2AF9ACF6003AC969 /* Design.swift in Sources */,
				79C723D52AF8422B008F3783 /* Entry.swift in Sources */,
				7965BEB02AFAFFF300062BEB /* ReferencePicker.swift in Sources */,
				79AEAAB72AF9AFEF003AC969 /* PreviewData.swift in Sources */,
				79C723D12AF8422B008F3783 /* Rhema_JournalApp.swift in Sources */,
				798278882AF9876000955B61 /* Style.swift in Sources */,
				7982788A2AF987A600955B61 /* Response.swift in Sources */,
				7901C0A92AFE962F00442756 /* SettingsView.swift in Sources */,
				79AEAAB92AF9B031003AC969 /* PreviewJournal.swift in Sources */,
				79AEAAAC2AF9AC7F003AC969 /* JournalView.swift in Sources */,
				7965BEB22AFB006D00062BEB /* BibleData.swift in Sources */,
				79AEAAB12AF9ADC7003AC969 /* JournalItemView.swift in Sources */,
				79AEAAB32AF9AE88003AC969 /* EntryView.swift in Sources */,
				79AEAABB2AF9B803003AC969 /* ResponseView.swift in Sources */,
			);
			runOnlyForDeploymentPostprocessing = 0;
		};
		79C723DB2AF8422C008F3783 /* Sources */ = {
			isa = PBXSourcesBuildPhase;
			buildActionMask = 2147483647;
			files = (
				79C723E42AF8422C008F3783 /* Rhema_JournalTests.swift in Sources */,
			);
			runOnlyForDeploymentPostprocessing = 0;
		};
		79C723E52AF8422C008F3783 /* Sources */ = {
			isa = PBXSourcesBuildPhase;
			buildActionMask = 2147483647;
			files = (
				79C723F02AF8422C008F3783 /* Rhema_JournalUITestsLaunchTests.swift in Sources */,
				79C723EE2AF8422C008F3783 /* Rhema_JournalUITests.swift in Sources */,
			);
			runOnlyForDeploymentPostprocessing = 0;
		};
/* End PBXSourcesBuildPhase section */

/* Begin PBXTargetDependency section */
		79C723E12AF8422C008F3783 /* PBXTargetDependency */ = {
			isa = PBXTargetDependency;
			target = 79C723CC2AF8422B008F3783 /* Rhema Journal */;
			targetProxy = 79C723E02AF8422C008F3783 /* PBXContainerItemProxy */;
		};
		79C723EB2AF8422C008F3783 /* PBXTargetDependency */ = {
			isa = PBXTargetDependency;
			target = 79C723CC2AF8422B008F3783 /* Rhema Journal */;
			targetProxy = 79C723EA2AF8422C008F3783 /* PBXContainerItemProxy */;
		};
/* End PBXTargetDependency section */

/* Begin XCBuildConfiguration section */
		79C723F12AF8422C008F3783 /* Debug */ = {
			isa = XCBuildConfiguration;
			buildSettings = {
				ALWAYS_SEARCH_USER_PATHS = NO;
				ASSETCATALOG_COMPILER_GENERATE_SWIFT_ASSET_SYMBOL_EXTENSIONS = YES;
				CLANG_ANALYZER_NONNULL = YES;
				CLANG_ANALYZER_NUMBER_OBJECT_CONVERSION = YES_AGGRESSIVE;
				CLANG_CXX_LANGUAGE_STANDARD = "gnu++20";
				CLANG_ENABLE_MODULES = YES;
				CLANG_ENABLE_OBJC_ARC = YES;
				CLANG_ENABLE_OBJC_WEAK = YES;
				CLANG_WARN_BLOCK_CAPTURE_AUTORELEASING = YES;
				CLANG_WARN_BOOL_CONVERSION = YES;
				CLANG_WARN_COMMA = YES;
				CLANG_WARN_CONSTANT_CONVERSION = YES;
				CLANG_WARN_DEPRECATED_OBJC_IMPLEMENTATIONS = YES;
				CLANG_WARN_DIRECT_OBJC_ISA_USAGE = YES_ERROR;
				CLANG_WARN_DOCUMENTATION_COMMENTS = YES;
				CLANG_WARN_EMPTY_BODY = YES;
				CLANG_WARN_ENUM_CONVERSION = YES;
				CLANG_WARN_INFINITE_RECURSION = YES;
				CLANG_WARN_INT_CONVERSION = YES;
				CLANG_WARN_NON_LITERAL_NULL_CONVERSION = YES;
				CLANG_WARN_OBJC_IMPLICIT_RETAIN_SELF = YES;
				CLANG_WARN_OBJC_LITERAL_CONVERSION = YES;
				CLANG_WARN_OBJC_ROOT_CLASS = YES_ERROR;
				CLANG_WARN_QUOTED_INCLUDE_IN_FRAMEWORK_HEADER = YES;
				CLANG_WARN_RANGE_LOOP_ANALYSIS = YES;
				CLANG_WARN_STRICT_PROTOTYPES = YES;
				CLANG_WARN_SUSPICIOUS_MOVE = YES;
				CLANG_WARN_UNGUARDED_AVAILABILITY = YES_AGGRESSIVE;
				CLANG_WARN_UNREACHABLE_CODE = YES;
				CLANG_WARN__DUPLICATE_METHOD_MATCH = YES;
				COPY_PHASE_STRIP = NO;
				DEBUG_INFORMATION_FORMAT = dwarf;
				ENABLE_STRICT_OBJC_MSGSEND = YES;
				ENABLE_TESTABILITY = YES;
				ENABLE_USER_SCRIPT_SANDBOXING = YES;
				GCC_C_LANGUAGE_STANDARD = gnu17;
				GCC_DYNAMIC_NO_PIC = NO;
				GCC_NO_COMMON_BLOCKS = YES;
				GCC_OPTIMIZATION_LEVEL = 0;
				GCC_PREPROCESSOR_DEFINITIONS = (
					"DEBUG=1",
					"$(inherited)",
				);
				GCC_WARN_64_TO_32_BIT_CONVERSION = YES;
				GCC_WARN_ABOUT_RETURN_TYPE = YES_ERROR;
				GCC_WARN_UNDECLARED_SELECTOR = YES;
				GCC_WARN_UNINITIALIZED_AUTOS = YES_AGGRESSIVE;
				GCC_WARN_UNUSED_FUNCTION = YES;
				GCC_WARN_UNUSED_VARIABLE = YES;
				IPHONEOS_DEPLOYMENT_TARGET = 17.0;
				LOCALIZATION_PREFERS_STRING_CATALOGS = YES;
				MTL_ENABLE_DEBUG_INFO = INCLUDE_SOURCE;
				MTL_FAST_MATH = YES;
				ONLY_ACTIVE_ARCH = YES;
				SDKROOT = iphoneos;
				SWIFT_ACTIVE_COMPILATION_CONDITIONS = "DEBUG $(inherited)";
				SWIFT_OPTIMIZATION_LEVEL = "-Onone";
			};
			name = Debug;
		};
		79C723F22AF8422C008F3783 /* Release */ = {
			isa = XCBuildConfiguration;
			buildSettings = {
				ALWAYS_SEARCH_USER_PATHS = NO;
				ASSETCATALOG_COMPILER_GENERATE_SWIFT_ASSET_SYMBOL_EXTENSIONS = YES;
				CLANG_ANALYZER_NONNULL = YES;
				CLANG_ANALYZER_NUMBER_OBJECT_CONVERSION = YES_AGGRESSIVE;
				CLANG_CXX_LANGUAGE_STANDARD = "gnu++20";
				CLANG_ENABLE_MODULES = YES;
				CLANG_ENABLE_OBJC_ARC = YES;
				CLANG_ENABLE_OBJC_WEAK = YES;
				CLANG_WARN_BLOCK_CAPTURE_AUTORELEASING = YES;
				CLANG_WARN_BOOL_CONVERSION = YES;
				CLANG_WARN_COMMA = YES;
				CLANG_WARN_CONSTANT_CONVERSION = YES;
				CLANG_WARN_DEPRECATED_OBJC_IMPLEMENTATIONS = YES;
				CLANG_WARN_DIRECT_OBJC_ISA_USAGE = YES_ERROR;
				CLANG_WARN_DOCUMENTATION_COMMENTS = YES;
				CLANG_WARN_EMPTY_BODY = YES;
				CLANG_WARN_ENUM_CONVERSION = YES;
				CLANG_WARN_INFINITE_RECURSION = YES;
				CLANG_WARN_INT_CONVERSION = YES;
				CLANG_WARN_NON_LITERAL_NULL_CONVERSION = YES;
				CLANG_WARN_OBJC_IMPLICIT_RETAIN_SELF = YES;
				CLANG_WARN_OBJC_LITERAL_CONVERSION = YES;
				CLANG_WARN_OBJC_ROOT_CLASS = YES_ERROR;
				CLANG_WARN_QUOTED_INCLUDE_IN_FRAMEWORK_HEADER = YES;
				CLANG_WARN_RANGE_LOOP_ANALYSIS = YES;
				CLANG_WARN_STRICT_PROTOTYPES = YES;
				CLANG_WARN_SUSPICIOUS_MOVE = YES;
				CLANG_WARN_UNGUARDED_AVAILABILITY = YES_AGGRESSIVE;
				CLANG_WARN_UNREACHABLE_CODE = YES;
				CLANG_WARN__DUPLICATE_METHOD_MATCH = YES;
				COPY_PHASE_STRIP = NO;
				DEBUG_INFORMATION_FORMAT = "dwarf-with-dsym";
				ENABLE_NS_ASSERTIONS = NO;
				ENABLE_STRICT_OBJC_MSGSEND = YES;
				ENABLE_USER_SCRIPT_SANDBOXING = YES;
				GCC_C_LANGUAGE_STANDARD = gnu17;
				GCC_NO_COMMON_BLOCKS = YES;
				GCC_WARN_64_TO_32_BIT_CONVERSION = YES;
				GCC_WARN_ABOUT_RETURN_TYPE = YES_ERROR;
				GCC_WARN_UNDECLARED_SELECTOR = YES;
				GCC_WARN_UNINITIALIZED_AUTOS = YES_AGGRESSIVE;
				GCC_WARN_UNUSED_FUNCTION = YES;
				GCC_WARN_UNUSED_VARIABLE = YES;
				IPHONEOS_DEPLOYMENT_TARGET = 17.0;
				LOCALIZATION_PREFERS_STRING_CATALOGS = YES;
				MTL_ENABLE_DEBUG_INFO = NO;
				MTL_FAST_MATH = YES;
				SDKROOT = iphoneos;
				SWIFT_COMPILATION_MODE = wholemodule;
				VALIDATE_PRODUCT = YES;
			};
			name = Release;
		};
		79C723F42AF8422C008F3783 /* Debug */ = {
			isa = XCBuildConfiguration;
			buildSettings = {
				ASSETCATALOG_COMPILER_APPICON_NAME = AppIcon;
				ASSETCATALOG_COMPILER_GLOBAL_ACCENT_COLOR_NAME = AccentColor;
				ASSETCATALOG_COMPILER_INCLUDE_ALL_APPICON_ASSETS = YES;
				CODE_SIGN_STYLE = Automatic;
				CURRENT_PROJECT_VERSION = 1;
				DEVELOPMENT_ASSET_PATHS = "\"Rhema Journal/Preview Content\"";
				DEVELOPMENT_TEAM = CLWAHA5TVR;
				ENABLE_PREVIEWS = YES;
				GENERATE_INFOPLIST_FILE = YES;
				INFOPLIST_KEY_CFBundleDisplayName = "Rhema Journal";
				INFOPLIST_KEY_LSApplicationCategoryType = "public.app-category.lifestyle";
				INFOPLIST_KEY_UIApplicationSceneManifest_Generation = YES;
				INFOPLIST_KEY_UIApplicationSupportsIndirectInputEvents = YES;
				INFOPLIST_KEY_UILaunchScreen_Generation = YES;
				INFOPLIST_KEY_UIStatusBarStyle = UIStatusBarStyleLightContent;
				INFOPLIST_KEY_UISupportedInterfaceOrientations = UIInterfaceOrientationPortrait;
				INFOPLIST_KEY_UISupportedInterfaceOrientations_iPad = "UIInterfaceOrientationLandscapeLeft UIInterfaceOrientationLandscapeRight UIInterfaceOrientationPortrait UIInterfaceOrientationPortraitUpsideDown";
				LD_RUNPATH_SEARCH_PATHS = (
					"$(inherited)",
					"@executable_path/Frameworks",
				);
				MARKETING_VERSION = 1.0;
				PRODUCT_BUNDLE_IDENTIFIER = "Archa-Solutions.Rhema-Journal";
				PRODUCT_NAME = "$(TARGET_NAME)";
				SWIFT_EMIT_LOC_STRINGS = YES;
				SWIFT_VERSION = 5.0;
				TARGETED_DEVICE_FAMILY = "1,2";
			};
			name = Debug;
		};
		79C723F52AF8422C008F3783 /* Release */ = {
			isa = XCBuildConfiguration;
			buildSettings = {
				ASSETCATALOG_COMPILER_APPICON_NAME = AppIcon;
				ASSETCATALOG_COMPILER_GLOBAL_ACCENT_COLOR_NAME = AccentColor;
				ASSETCATALOG_COMPILER_INCLUDE_ALL_APPICON_ASSETS = YES;
				CODE_SIGN_STYLE = Automatic;
				CURRENT_PROJECT_VERSION = 1;
				DEVELOPMENT_ASSET_PATHS = "\"Rhema Journal/Preview Content\"";
				DEVELOPMENT_TEAM = CLWAHA5TVR;
				ENABLE_PREVIEWS = YES;
				GENERATE_INFOPLIST_FILE = YES;
				INFOPLIST_KEY_CFBundleDisplayName = "Rhema Journal";
				INFOPLIST_KEY_LSApplicationCategoryType = "public.app-category.lifestyle";
				INFOPLIST_KEY_UIApplicationSceneManifest_Generation = YES;
				INFOPLIST_KEY_UIApplicationSupportsIndirectInputEvents = YES;
				INFOPLIST_KEY_UILaunchScreen_Generation = YES;
				INFOPLIST_KEY_UIStatusBarStyle = UIStatusBarStyleLightContent;
				INFOPLIST_KEY_UISupportedInterfaceOrientations = UIInterfaceOrientationPortrait;
				INFOPLIST_KEY_UISupportedInterfaceOrientations_iPad = "UIInterfaceOrientationLandscapeLeft UIInterfaceOrientationLandscapeRight UIInterfaceOrientationPortrait UIInterfaceOrientationPortraitUpsideDown";
				LD_RUNPATH_SEARCH_PATHS = (
					"$(inherited)",
					"@executable_path/Frameworks",
				);
				MARKETING_VERSION = 1.0;
				PRODUCT_BUNDLE_IDENTIFIER = "Archa-Solutions.Rhema-Journal";
				PRODUCT_NAME = "$(TARGET_NAME)";
				SWIFT_EMIT_LOC_STRINGS = YES;
				SWIFT_VERSION = 5.0;
				TARGETED_DEVICE_FAMILY = "1,2";
			};
			name = Release;
		};
		79C723F72AF8422C008F3783 /* Debug */ = {
			isa = XCBuildConfiguration;
			buildSettings = {
				ALWAYS_EMBED_SWIFT_STANDARD_LIBRARIES = YES;
				BUNDLE_LOADER = "$(TEST_HOST)";
				CODE_SIGN_STYLE = Automatic;
				CURRENT_PROJECT_VERSION = 1;
				GENERATE_INFOPLIST_FILE = YES;
				IPHONEOS_DEPLOYMENT_TARGET = 17.0;
				MARKETING_VERSION = 1.0;
				PRODUCT_BUNDLE_IDENTIFIER = "Archa-Solutions.Rhema-JournalTests";
				PRODUCT_NAME = "$(TARGET_NAME)";
				SWIFT_EMIT_LOC_STRINGS = NO;
				SWIFT_VERSION = 5.0;
				TARGETED_DEVICE_FAMILY = "1,2";
				TEST_HOST = "$(BUILT_PRODUCTS_DIR)/Rhema Journal.app/$(BUNDLE_EXECUTABLE_FOLDER_PATH)/Rhema Journal";
			};
			name = Debug;
		};
		79C723F82AF8422C008F3783 /* Release */ = {
			isa = XCBuildConfiguration;
			buildSettings = {
				ALWAYS_EMBED_SWIFT_STANDARD_LIBRARIES = YES;
				BUNDLE_LOADER = "$(TEST_HOST)";
				CODE_SIGN_STYLE = Automatic;
				CURRENT_PROJECT_VERSION = 1;
				GENERATE_INFOPLIST_FILE = YES;
				IPHONEOS_DEPLOYMENT_TARGET = 17.0;
				MARKETING_VERSION = 1.0;
				PRODUCT_BUNDLE_IDENTIFIER = "Archa-Solutions.Rhema-JournalTests";
				PRODUCT_NAME = "$(TARGET_NAME)";
				SWIFT_EMIT_LOC_STRINGS = NO;
				SWIFT_VERSION = 5.0;
				TARGETED_DEVICE_FAMILY = "1,2";
				TEST_HOST = "$(BUILT_PRODUCTS_DIR)/Rhema Journal.app/$(BUNDLE_EXECUTABLE_FOLDER_PATH)/Rhema Journal";
			};
			name = Release;
		};
		79C723FA2AF8422C008F3783 /* Debug */ = {
			isa = XCBuildConfiguration;
			buildSettings = {
				ALWAYS_EMBED_SWIFT_STANDARD_LIBRARIES = YES;
				CODE_SIGN_STYLE = Automatic;
				CURRENT_PROJECT_VERSION = 1;
				GENERATE_INFOPLIST_FILE = YES;
				MARKETING_VERSION = 1.0;
				PRODUCT_BUNDLE_IDENTIFIER = "Archa-Solutions.Rhema-JournalUITests";
				PRODUCT_NAME = "$(TARGET_NAME)";
				SWIFT_EMIT_LOC_STRINGS = NO;
				SWIFT_VERSION = 5.0;
				TARGETED_DEVICE_FAMILY = "1,2";
				TEST_TARGET_NAME = "Rhema Journal";
			};
			name = Debug;
		};
		79C723FB2AF8422C008F3783 /* Release */ = {
			isa = XCBuildConfiguration;
			buildSettings = {
				ALWAYS_EMBED_SWIFT_STANDARD_LIBRARIES = YES;
				CODE_SIGN_STYLE = Automatic;
				CURRENT_PROJECT_VERSION = 1;
				GENERATE_INFOPLIST_FILE = YES;
				MARKETING_VERSION = 1.0;
				PRODUCT_BUNDLE_IDENTIFIER = "Archa-Solutions.Rhema-JournalUITests";
				PRODUCT_NAME = "$(TARGET_NAME)";
				SWIFT_EMIT_LOC_STRINGS = NO;
				SWIFT_VERSION = 5.0;
				TARGETED_DEVICE_FAMILY = "1,2";
				TEST_TARGET_NAME = "Rhema Journal";
			};
			name = Release;
		};
/* End XCBuildConfiguration section */

/* Begin XCConfigurationList section */
		79C723C82AF8422B008F3783 /* Build configuration list for PBXProject "Rhema Journal" */ = {
			isa = XCConfigurationList;
			buildConfigurations = (
				79C723F12AF8422C008F3783 /* Debug */,
				79C723F22AF8422C008F3783 /* Release */,
			);
			defaultConfigurationIsVisible = 0;
			defaultConfigurationName = Release;
		};
		79C723F32AF8422C008F3783 /* Build configuration list for PBXNativeTarget "Rhema Journal" */ = {
			isa = XCConfigurationList;
			buildConfigurations = (
				79C723F42AF8422C008F3783 /* Debug */,
				79C723F52AF8422C008F3783 /* Release */,
			);
			defaultConfigurationIsVisible = 0;
			defaultConfigurationName = Release;
		};
		79C723F62AF8422C008F3783 /* Build configuration list for PBXNativeTarget "Rhema JournalTests" */ = {
			isa = XCConfigurationList;
			buildConfigurations = (
				79C723F72AF8422C008F3783 /* Debug */,
				79C723F82AF8422C008F3783 /* Release */,
			);
			defaultConfigurationIsVisible = 0;
			defaultConfigurationName = Release;
		};
		79C723F92AF8422C008F3783 /* Build configuration list for PBXNativeTarget "Rhema JournalUITests" */ = {
			isa = XCConfigurationList;
			buildConfigurations = (
				79C723FA2AF8422C008F3783 /* Debug */,
				79C723FB2AF8422C008F3783 /* Release */,
			);
			defaultConfigurationIsVisible = 0;
			defaultConfigurationName = Release;
		};
/* End XCConfigurationList section */

/* Begin XCRemoteSwiftPackageReference section */
		7965BEAC2AFAFB9500062BEB /* XCRemoteSwiftPackageReference "BibleKit" */ = {
			isa = XCRemoteSwiftPackageReference;
			repositoryURL = "https://github.com/mazz/BibleKit";
			requirement = {
				kind = upToNextMajorVersion;
				minimumVersion = 1.0.5;
			};
		};
/* End XCRemoteSwiftPackageReference section */

/* Begin XCSwiftPackageProductDependency section */
		7965BEAD2AFAFB9500062BEB /* BibleKit */ = {
			isa = XCSwiftPackageProductDependency;
			package = 7965BEAC2AFAFB9500062BEB /* XCRemoteSwiftPackageReference "BibleKit" */;
			productName = BibleKit;
		};
/* End XCSwiftPackageProductDependency section */
	};
	rootObject = 79C723C52AF8422B008F3783 /* Project object */;
}
